// !$*UTF8*$!
{
	archiveVersion = 1;
	classes = {
	};
	objectVersion = 50;
	objects = {

/* Begin PBXBuildFile section */
		2315ADD02698B67400FFAB58 /* AppDelegate.swift in Sources */ = {isa = PBXBuildFile; fileRef = 2315ADCF2698B67400FFAB58 /* AppDelegate.swift */; };
		2315ADD22698B67400FFAB58 /* SceneDelegate.swift in Sources */ = {isa = PBXBuildFile; fileRef = 2315ADD12698B67400FFAB58 /* SceneDelegate.swift */; };
		2315ADD42698B67400FFAB58 /* ViewController.swift in Sources */ = {isa = PBXBuildFile; fileRef = 2315ADD32698B67400FFAB58 /* ViewController.swift */; };
		2315ADD72698B67400FFAB58 /* Main.storyboard in Resources */ = {isa = PBXBuildFile; fileRef = 2315ADD52698B67400FFAB58 /* Main.storyboard */; };
		2315ADD92698B67500FFAB58 /* Assets.xcassets in Resources */ = {isa = PBXBuildFile; fileRef = 2315ADD82698B67500FFAB58 /* Assets.xcassets */; };
		2315ADDC2698B67500FFAB58 /* LaunchScreen.storyboard in Resources */ = {isa = PBXBuildFile; fileRef = 2315ADDA2698B67500FFAB58 /* LaunchScreen.storyboard */; };
		23977E7D2698D8D800A2EE2B /* roundButton.swift in Sources */ = {isa = PBXBuildFile; fileRef = 23977E7C2698D8D800A2EE2B /* roundButton.swift */; };
/* End PBXBuildFile section */

/* Begin PBXFileReference section */
		2315ADCC2698B67400FFAB58 /* Calculator_simpla.app */ = {isa = PBXFileReference; explicitFileType = wrapper.application; includeInIndex = 0; path = Calculator_simpla.app; sourceTree = BUILT_PRODUCTS_DIR; };
		2315ADCF2698B67400FFAB58 /* AppDelegate.swift */ = {isa = PBXFileReference; lastKnownFileType = sourcecode.swift; path = AppDelegate.swift; sourceTree = "<group>"; };
		2315ADD12698B67400FFAB58 /* SceneDelegate.swift */ = {isa = PBXFileReference; lastKnownFileType = sourcecode.swift; path = SceneDelegate.swift; sourceTree = "<group>"; };
		2315ADD32698B67400FFAB58 /* ViewController.swift */ = {isa = PBXFileReference; lastKnownFileType = sourcecode.swift; path = ViewController.swift; sourceTree = "<group>"; };
		2315ADD62698B67400FFAB58 /* Base */ = {isa = PBXFileReference; lastKnownFileType = file.storyboard; name = Base; path = Base.lproj/Main.storyboard; sourceTree = "<group>"; };
		2315ADD82698B67500FFAB58 /* Assets.xcassets */ = {isa = PBXFileReference; lastKnownFileType = folder.assetcatalog; path = Assets.xcassets; sourceTree = "<group>"; };
		2315ADDB2698B67500FFAB58 /* Base */ = {isa = PBXFileReference; lastKnownFileType = file.storyboard; name = Base; path = Base.lproj/LaunchScreen.storyboard; sourceTree = "<group>"; };
		2315ADDD2698B67500FFAB58 /* Info.plist */ = {isa = PBXFileReference; lastKnownFileType = text.plist.xml; path = Info.plist; sourceTree = "<group>"; };
		23977E7C2698D8D800A2EE2B /* roundButton.swift */ = {isa = PBXFileReference; lastKnownFileType = sourcecode.swift; path = roundButton.swift; sourceTree = "<group>"; };
/* End PBXFileReference section */

/* Begin PBXFrameworksBuildPhase section */
		2315ADC92698B67400FFAB58 /* Frameworks */ = {
			isa = PBXFrameworksBuildPhase;
			buildActionMask = 2147483647;
			files = (
			);
			runOnlyForDeploymentPostprocessing = 0;
		};
/* End PBXFrameworksBuildPhase section */

/* Begin PBXGroup section */
		2315ADC32698B67400FFAB58 = {
			isa = PBXGroup;
			children = (
				2315ADCE2698B67400FFAB58 /* Calculator_simpla */,
				2315ADCD2698B67400FFAB58 /* Products */,
			);
			sourceTree = "<group>";
		};
		2315ADCD2698B67400FFAB58 /* Products */ = {
			isa = PBXGroup;
			children = (
				2315ADCC2698B67400FFAB58 /* Calculator_simpla.app */,
			);
			name = Products;
			sourceTree = "<group>";
		};
		2315ADCE2698B67400FFAB58 /* Calculator_simpla */ = {
			isa = PBXGroup;
			children = (
				2315ADCF2698B67400FFAB58 /* AppDelegate.swift */,
				2315ADD12698B67400FFAB58 /* SceneDelegate.swift */,
				2315ADD32698B67400FFAB58 /* ViewController.swift */,
				2315ADD52698B67400FFAB58 /* Main.storyboard */,
				23977E7C2698D8D800A2EE2B /* roundButton.swift */,
				2315ADD82698B67500FFAB58 /* Assets.xcassets */,
				2315ADDA2698B67500FFAB58 /* LaunchScreen.storyboard */,
				2315ADDD2698B67500FFAB58 /* Info.plist */,
			);
			path = Calculator_simpla;
			sourceTree = "<group>";
		};
/* End PBXGroup section */

/* Begin PBXNativeTarget section */
		2315ADCB2698B67400FFAB58 /* Calculator_simpla */ = {
			isa = PBXNativeTarget;
			buildConfigurationList = 2315ADE02698B67500FFAB58 /* Build configuration list for PBXNativeTarget "Calculator_simpla" */;
			buildPhases = (
				2315ADC82698B67400FFAB58 /* Sources */,
				2315ADC92698B67400FFAB58 /* Frameworks */,
				2315ADCA2698B67400FFAB58 /* Resources */,
			);
			buildRules = (
			);
			dependencies = (
			);
			name = Calculator_simpla;
			productName = Calculator_simpla;
			productReference = 2315ADCC2698B67400FFAB58 /* Calculator_simpla.app */;
			productType = "com.apple.product-type.application";
		};
/* End PBXNativeTarget section */

/* Begin PBXProject section */
		2315ADC42698B67400FFAB58 /* Project object */ = {
			isa = PBXProject;
			attributes = {
				LastSwiftUpdateCheck = 1250;
				LastUpgradeCheck = 1250;
				TargetAttributes = {
					2315ADCB2698B67400FFAB58 = {
						CreatedOnToolsVersion = 12.5.1;
					};
				};
			};
			buildConfigurationList = 2315ADC72698B67400FFAB58 /* Build configuration list for PBXProject "Calculator_simpla" */;
			compatibilityVersion = "Xcode 9.3";
			developmentRegion = en;
			hasScannedForEncodings = 0;
			knownRegions = (
				en,
				Base,
			);
			mainGroup = 2315ADC32698B67400FFAB58;
			productRefGroup = 2315ADCD2698B67400FFAB58 /* Products */;
			projectDirPath = "";
			projectRoot = "";
			targets = (
				2315ADCB2698B67400FFAB58 /* Calculator_simpla */,
			);
		};
/* End PBXProject section */

/* Begin PBXResourcesBuildPhase section */
		2315ADCA2698B67400FFAB58 /* Resources */ = {
			isa = PBXResourcesBuildPhase;
			buildActionMask = 2147483647;
			files = (
				2315ADDC2698B67500FFAB58 /* LaunchScreen.storyboard in Resources */,
				2315ADD92698B67500FFAB58 /* Assets.xcassets in Resources */,
				2315ADD72698B67400FFAB58 /* Main.storyboard in Resources */,
			);
			runOnlyForDeploymentPostprocessing = 0;
		};
/* End PBXResourcesBuildPhase section */

/* Begin PBXSourcesBuildPhase section */
		2315ADC82698B67400FFAB58 /* Sources */ = {
			isa = PBXSourcesBuildPhase;
			buildActionMask = 2147483647;
			files = (
				23977E7D2698D8D800A2EE2B /* roundButton.swift in Sources */,
				2315ADD42698B67400FFAB58 /* ViewController.swift in Sources */,
				2315ADD02698B67400FFAB58 /* AppDelegate.swift in Sources */,
				2315ADD22698B67400FFAB58 /* SceneDelegate.swift in Sources */,
			);
			runOnlyForDeploymentPostprocessing = 0;
		};
/* End PBXSourcesBuildPhase section */

/* Begin PBXVariantGroup section */
		2315ADD52698B67400FFAB58 /* Main.storyboard */ = {
			isa = PBXVariantGroup;
			children = (
				2315ADD62698B67400FFAB58 /* Base */,
			);
			name = Main.storyboard;
			sourceTree = "<group>";
		};
		2315ADDA2698B67500FFAB58 /* LaunchScreen.storyboard */ = {
			isa = PBXVariantGroup;
			children = (
				2315ADDB2698B67500FFAB58 /* Base */,
			);
			name = LaunchScreen.storyboard;
			sourceTree = "<group>";
		};
/* End PBXVariantGroup section */

/* Begin XCBuildConfiguration section */
		2315ADDE2698B67500FFAB58 /* Debug */ = {
			isa = XCBuildConfiguration;
			buildSettings = {
				ALWAYS_SEARCH_USER_PATHS = NO;
				CLANG_ANALYZER_NONNULL = YES;
				CLANG_ANALYZER_NUMBER_OBJECT_CONVERSION = YES_AGGRESSIVE;
				CLANG_CXX_LANGUAGE_STANDARD = "gnu++14";
				CLANG_CXX_LIBRARY = "libc++";
				CLANG_ENABLE_MODULES = YES;
				CLANG_ENABLE_OBJC_ARC = YES;
				CLANG_ENABLE_OBJC_WEAK = YES;
				CLANG_WARN_BLOCK_CAPTURE_AUTORELEASING = YES;
				CLANG_WARN_BOOL_CONVERSION = YES;
				CLANG_WARN_COMMA = YES;
				CLANG_WARN_CONSTANT_CONVERSION = YES;
				CLANG_WARN_DEPRECATED_OBJC_IMPLEMENTATIONS = YES;
				CLANG_WARN_DIRECT_OBJC_ISA_USAGE = YES_ERROR;
				CLANG_WARN_DOCUMENTATION_COMMENTS = YES;
				CLANG_WARN_EMPTY_BODY = YES;
				CLANG_WARN_ENUM_CONVERSION = YES;
				CLANG_WARN_INFINITE_RECURSION = YES;
				CLANG_WARN_INT_CONVERSION = YES;
				CLANG_WARN_NON_LITERAL_NULL_CONVERSION = YES;
				CLANG_WARN_OBJC_IMPLICIT_RETAIN_SELF = YES;
				CLANG_WARN_OBJC_LITERAL_CONVERSION = YES;
				CLANG_WARN_OBJC_ROOT_CLASS = YES_ERROR;
				CLANG_WARN_QUOTED_INCLUDE_IN_FRAMEWORK_HEADER = YES;
				CLANG_WARN_RANGE_LOOP_ANALYSIS = YES;
				CLANG_WARN_STRICT_PROTOTYPES = YES;
				CLANG_WARN_SUSPICIOUS_MOVE = YES;
				CLANG_WARN_UNGUARDED_AVAILABILITY = YES_AGGRESSIVE;
				CLANG_WARN_UNREACHABLE_CODE = YES;
				CLANG_WARN__DUPLICATE_METHOD_MATCH = YES;
				COPY_PHASE_STRIP = NO;
				DEBUG_INFORMATION_FORMAT = dwarf;
				ENABLE_STRICT_OBJC_MSGSEND = YES;
				ENABLE_TESTABILITY = YES;
				GCC_C_LANGUAGE_STANDARD = gnu11;
				GCC_DYNAMIC_NO_PIC = NO;
				GCC_NO_COMMON_BLOCKS = YES;
				GCC_OPTIMIZATION_LEVEL = 0;
				GCC_PREPROCESSOR_DEFINITIONS = (
					"DEBUG=1",
					"$(inherited)",
				);
				GCC_WARN_64_TO_32_BIT_CONVERSION = YES;
				GCC_WARN_ABOUT_RETURN_TYPE = YES_ERROR;
				GCC_WARN_UNDECLARED_SELECTOR = YES;
				GCC_WARN_UNINITIALIZED_AUTOS = YES_AGGRESSIVE;
				GCC_WARN_UNUSED_FUNCTION = YES;
				GCC_WARN_UNUSED_VARIABLE = YES;
				IPHONEOS_DEPLOYMENT_TARGET = 14.5;
				MTL_ENABLE_DEBUG_INFO = INCLUDE_SOURCE;
				MTL_FAST_MATH = YES;
				ONLY_ACTIVE_ARCH = YES;
				SDKROOT = iphoneos;
				SWIFT_ACTIVE_COMPILATION_CONDITIONS = DEBUG;
				SWIFT_OPTIMIZATION_LEVEL = "-Onone";
			};
			name = Debug;
		};
		2315ADDF2698B67500FFAB58 /* Release */ = {
			isa = XCBuildConfiguration;
			buildSettings = {
				ALWAYS_SEARCH_USER_PATHS = NO;
				CLANG_ANALYZER_NONNULL = YES;
				CLANG_ANALYZER_NUMBER_OBJECT_CONVERSION = YES_AGGRESSIVE;
				CLANG_CXX_LANGUAGE_STANDARD = "gnu++14";
				CLANG_CXX_LIBRARY = "libc++";
				CLANG_ENABLE_MODULES = YES;
				CLANG_ENABLE_OBJC_ARC = YES;
				CLANG_ENABLE_OBJC_WEAK = YES;
				CLANG_WARN_BLOCK_CAPTURE_AUTORELEASING = YES;
				CLANG_WARN_BOOL_CONVERSION = YES;
				CLANG_WARN_COMMA = YES;
				CLANG_WARN_CONSTANT_CONVERSION = YES;
				CLANG_WARN_DEPRECATED_OBJC_IMPLEMENTATIONS = YES;
				CLANG_WARN_DIRECT_OBJC_ISA_USAGE = YES_ERROR;
				CLANG_WARN_DOCUMENTATION_COMMENTS = YES;
				CLANG_WARN_EMPTY_BODY = YES;
				CLANG_WARN_ENUM_CONVERSION = YES;
				CLANG_WARN_INFINITE_RECURSION = YES;
				CLANG_WARN_INT_CONVERSION = YES;
				CLANG_WARN_NON_LITERAL_NULL_CONVERSION = YES;
				CLANG_WARN_OBJC_IMPLICIT_RETAIN_SELF = YES;
				CLANG_WARN_OBJC_LITERAL_CONVERSION = YES;
				CLANG_WARN_OBJC_ROOT_CLASS = YES_ERROR;
				CLANG_WARN_QUOTED_INCLUDE_IN_FRAMEWORK_HEADER = YES;
				CLANG_WARN_RANGE_LOOP_ANALYSIS = YES;
				CLANG_WARN_STRICT_PROTOTYPES = YES;
				CLANG_WARN_SUSPICIOUS_MOVE = YES;
				CLANG_WARN_UNGUARDED_AVAILABILITY = YES_AGGRESSIVE;
				CLANG_WARN_UNREACHABLE_CODE = YES;
				CLANG_WARN__DUPLICATE_METHOD_MATCH = YES;
				COPY_PHASE_STRIP = NO;
				DEBUG_INFORMATION_FORMAT = "dwarf-with-dsym";
				ENABLE_NS_ASSERTIONS = NO;
				ENABLE_STRICT_OBJC_MSGSEND = YES;
				GCC_C_LANGUAGE_STANDARD = gnu11;
				GCC_NO_COMMON_BLOCKS = YES;
				GCC_WARN_64_TO_32_BIT_CONVERSION = YES;
				GCC_WARN_ABOUT_RETURN_TYPE = YES_ERROR;
				GCC_WARN_UNDECLARED_SELECTOR = YES;
				GCC_WARN_UNINITIALIZED_AUTOS = YES_AGGRESSIVE;
				GCC_WARN_UNUSED_FUNCTION = YES;
				GCC_WARN_UNUSED_VARIABLE = YES;
				IPHONEOS_DEPLOYMENT_TARGET = 14.5;
				MTL_ENABLE_DEBUG_INFO = NO;
				MTL_FAST_MATH = YES;
				SDKROOT = iphoneos;
				SWIFT_COMPILATION_MODE = wholemodule;
				SWIFT_OPTIMIZATION_LEVEL = "-O";
				VALIDATE_PRODUCT = YES;
			};
			name = Release;
		};
		2315ADE12698B67500FFAB58 /* Debug */ = {
			isa = XCBuildConfiguration;
			buildSettings = {
				ASSETCATALOG_COMPILER_APPICON_NAME = AppIcon;
				ASSETCATALOG_COMPILER_GLOBAL_ACCENT_COLOR_NAME = AccentColor;
				CODE_SIGN_STYLE = Automatic;
				DEVELOPMENT_TEAM = 7MLBTJX8Y9;
				INFOPLIST_FILE = Calculator_simpla/Info.plist;
				LD_RUNPATH_SEARCH_PATHS = (
					"$(inherited)",
					"@executable_path/Frameworks",
				);
				PRODUCT_BUNDLE_IDENTIFIER = "PW.Calculator-simpla";
				PRODUCT_NAME = "$(TARGET_NAME)";
				SWIFT_VERSION = 5.0;
				TARGETED_DEVICE_FAMILY = "1,2";
			};
			name = Debug;
		};
		2315ADE22698B67500FFAB58 /* Release */ = {
			isa = XCBuildConfiguration;
			buildSettings = {
				ASSETCATALOG_COMPILER_APPICON_NAME = AppIcon;
				ASSETCATALOG_COMPILER_GLOBAL_ACCENT_COLOR_NAME = AccentColor;
				CODE_SIGN_STYLE = Automatic;
				DEVELOPMENT_TEAM = 7MLBTJX8Y9;
				INFOPLIST_FILE = Calculator_simpla/Info.plist;
				LD_RUNPATH_SEARCH_PATHS = (
					"$(inherited)",
					"@executable_path/Frameworks",
				);
				PRODUCT_BUNDLE_IDENTIFIER = "PW.Calculator-simpla";
				PRODUCT_NAME = "$(TARGET_NAME)";
				SWIFT_VERSION = 5.0;
				TARGETED_DEVICE_FAMILY = "1,2";
			};
			name = Release;
		};
/* End XCBuildConfiguration section */

/* Begin XCConfigurationList section */
		2315ADC72698B67400FFAB58 /* Build configuration list for PBXProject "Calculator_simpla" */ = {
			isa = XCConfigurationList;
			buildConfigurations = (
				2315ADDE2698B67500FFAB58 /* Debug */,
				2315ADDF2698B67500FFAB58 /* Release */,
			);
			defaultConfigurationIsVisible = 0;
			defaultConfigurationName = Release;
		};
		2315ADE02698B67500FFAB58 /* Build configuration list for PBXNativeTarget "Calculator_simpla" */ = {
			isa = XCConfigurationList;
			buildConfigurations = (
				2315ADE12698B67500FFAB58 /* Debug */,
				2315ADE22698B67500FFAB58 /* Release */,
			);
			defaultConfigurationIsVisible = 0;
			defaultConfigurationName = Release;
		};
/* End XCConfigurationList section */
	};
	rootObject = 2315ADC42698B67400FFAB58 /* Project object */;
}
